
Microsoft Visual Studio Solution File, Format Version 12.00
# Visual Studio 14
VisualStudioVersion = 14.0.25123.0
MinimumVisualStudioVersion = 10.0.40219.1
Project("{8BC9CEB8-8B4A-11D0-8D11-00A0C91BC942}") = "libpck", "libpck\libpck.vcxproj", "{E53AD1C1-C293-41B3-8344-DF942F20B114}"
EndProject
Project("{8BC9CEB8-8B4A-11D0-8D11-00A0C91BC942}") = "libpck.dll", "libpck.dll\libpck.dll.vcxproj", "{A466C5B2-9E42-41FB-9C97-606FDB3BDEA4}"
	ProjectSection(ProjectDependencies) = postProject
		{02348475-F09F-47F4-BB5E-A3A1B0957411} = {02348475-F09F-47F4-BB5E-A3A1B0957411}
		{E53AD1C1-C293-41B3-8344-DF942F20B114} = {E53AD1C1-C293-41B3-8344-DF942F20B114}
	EndProjectSection
EndProject
Project("{8BC9CEB8-8B4A-11D0-8D11-00A0C91BC942}") = "pcktool", "pcktool\pcktool.vcxproj", "{9CA3A246-5003-4271-A5CF-ADBC78EF3879}"
	ProjectSection(ProjectDependencies) = postProject
		{02348475-F09F-47F4-BB5E-A3A1B0957411} = {02348475-F09F-47F4-BB5E-A3A1B0957411}
		{E53AD1C1-C293-41B3-8344-DF942F20B114} = {E53AD1C1-C293-41B3-8344-DF942F20B114}
	EndProjectSection
EndProject
Project("{8BC9CEB8-8B4A-11D0-8D11-00A0C91BC942}") = "UnitTest1", "UnitTest1\UnitTest1.vcxproj", "{7A274C67-A50E-4319-8324-C69E7C926F1C}"
	ProjectSection(ProjectDependencies) = postProject
		{02348475-F09F-47F4-BB5E-A3A1B0957411} = {02348475-F09F-47F4-BB5E-A3A1B0957411}
		{E53AD1C1-C293-41B3-8344-DF942F20B114} = {E53AD1C1-C293-41B3-8344-DF942F20B114}
	EndProjectSection
EndProject
Project("{8BC9CEB8-8B4A-11D0-8D11-00A0C91BC942}") = "zlib", "zlib\zlib.vcxproj", "{02348475-F09F-47F4-BB5E-A3A1B0957411}"
EndProject
Global
	GlobalSection(SolutionConfigurationPlatforms) = preSolution
		Debug|x64 = Debug|x64
		Debug|x86 = Debug|x86
		Release|x64 = Release|x64
		Release|x86 = Release|x86
	EndGlobalSection
	GlobalSection(ProjectConfigurationPlatforms) = postSolution
		{E53AD1C1-C293-41B3-8344-DF942F20B114}.Debug|x64.ActiveCfg = Debug|x64
		{E53AD1C1-C293-41B3-8344-DF942F20B114}.Debug|x64.Build.0 = Debug|x64
		{E53AD1C1-C293-41B3-8344-DF942F20B114}.Debug|x86.ActiveCfg = Debug|Win32
		{E53AD1C1-C293-41B3-8344-DF942F20B114}.Debug|x86.Build.0 = Debug|Win32
		{E53AD1C1-C293-41B3-8344-DF942F20B114}.Release|x64.ActiveCfg = Release|x64
		{E53AD1C1-C293-41B3-8344-DF942F20B114}.Release|x64.Build.0 = Release|x64
		{E53AD1C1-C293-41B3-8344-DF942F20B114}.Release|x86.ActiveCfg = Release|Win32
		{E53AD1C1-C293-41B3-8344-DF942F20B114}.Release|x86.Build.0 = Release|Win32
		{A466C5B2-9E42-41FB-9C97-606FDB3BDEA4}.Debug|x64.ActiveCfg = Debug|x64
		{A466C5B2-9E42-41FB-9C97-606FDB3BDEA4}.Debug|x64.Build.0 = Debug|x64
		{A466C5B2-9E42-41FB-9C97-606FDB3BDEA4}.Debug|x86.ActiveCfg = Debug|Win32
		{A466C5B2-9E42-41FB-9C97-606FDB3BDEA4}.Debug|x86.Build.0 = Debug|Win32
		{A466C5B2-9E42-41FB-9C97-606FDB3BDEA4}.Release|x64.ActiveCfg = Release|x64
		{A466C5B2-9E42-41FB-9C97-606FDB3BDEA4}.Release|x64.Build.0 = Release|x64
		{A466C5B2-9E42-41FB-9C97-606FDB3BDEA4}.Release|x86.ActiveCfg = Release|Win32
		{A466C5B2-9E42-41FB-9C97-606FDB3BDEA4}.Release|x86.Build.0 = Release|Win32
		{9CA3A246-5003-4271-A5CF-ADBC78EF3879}.Debug|x64.ActiveCfg = Debug|x64
		{9CA3A246-5003-4271-A5CF-ADBC78EF3879}.Debug|x64.Build.0 = Debug|x64
		{9CA3A246-5003-4271-A5CF-ADBC78EF3879}.Debug|x86.ActiveCfg = Debug|Win32
		{9CA3A246-5003-4271-A5CF-ADBC78EF3879}.Debug|x86.Build.0 = Debug|Win32
		{9CA3A246-5003-4271-A5CF-ADBC78EF3879}.Release|x64.ActiveCfg = Release|x64
		{9CA3A246-5003-4271-A5CF-ADBC78EF3879}.Release|x64.Build.0 = Release|x64
		{9CA3A246-5003-4271-A5CF-ADBC78EF3879}.Release|x86.ActiveCfg = Release|Win32
		{9CA3A246-5003-4271-A5CF-ADBC78EF3879}.Release|x86.Build.0 = Release|Win32
		{7A274C67-A50E-4319-8324-C69E7C926F1C}.Debug|x64.ActiveCfg = Debug|x64
		{7A274C67-A50E-4319-8324-C69E7C926F1C}.Debug|x64.Build.0 = Debug|x64
		{7A274C67-A50E-4319-8324-C69E7C926F1C}.Debug|x86.ActiveCfg = Debug|Win32
		{7A274C67-A50E-4319-8324-C69E7C926F1C}.Debug|x86.Build.0 = Debug|Win32
		{7A274C67-A50E-4319-8324-C69E7C926F1C}.Release|x64.ActiveCfg = Release|x64
		{7A274C67-A50E-4319-8324-C69E7C926F1C}.Release|x64.Build.0 = Release|x64
		{7A274C67-A50E-4319-8324-C69E7C926F1C}.Release|x86.ActiveCfg = Release|Win32
		{7A274C67-A50E-4319-8324-C69E7C926F1C}.Release|x86.Build.0 = Release|Win32
		{02348475-F09F-47F4-BB5E-A3A1B0957411}.Debug|x64.ActiveCfg = Debug|x64
		{02348475-F09F-47F4-BB5E-A3A1B0957411}.Debug|x64.Build.0 = Debug|x64
		{02348475-F09F-47F4-BB5E-A3A1B0957411}.Debug|x86.ActiveCfg = Debug|Win32
		{02348475-F09F-47F4-BB5E-A3A1B0957411}.Debug|x86.Build.0 = Debug|Win32
		{02348475-F09F-47F4-BB5E-A3A1B0957411}.Release|x64.ActiveCfg = Release|x64
		{02348475-F09F-47F4-BB5E-A3A1B0957411}.Release|x64.Build.0 = Release|x64
		{02348475-F09F-47F4-BB5E-A3A1B0957411}.Release|x86.ActiveCfg = Release|Win32
		{02348475-F09F-47F4-BB5E-A3A1B0957411}.Release|x86.Build.0 = Release|Win32
	EndGlobalSection
	GlobalSection(SolutionProperties) = preSolution
		HideSolutionNode = FALSE
	EndGlobalSection
EndGlobal
